// !$*UTF8*$!
{
	archiveVersion = 1;
	classes = {
	};
	objectVersion = 46;
	objects = {

/* Begin PBXBuildFile section */
		CE1351281F7E9FBE0080A16E /* Constants.swift in Sources */ = {isa = PBXBuildFile; fileRef = CE1351271F7E9FBE0080A16E /* Constants.swift */; };
		CE13512A1F7EA1D30080A16E /* CurrentWeather.swift in Sources */ = {isa = PBXBuildFile; fileRef = CE1351291F7EA1D30080A16E /* CurrentWeather.swift */; };
		CE26BA781F81511A0091EF5E /* weatherCell.swift in Sources */ = {isa = PBXBuildFile; fileRef = CE26BA771F81511A0091EF5E /* weatherCell.swift */; };
		CE879BC81F80C4C800EA5F2C /* Forecast.swift in Sources */ = {isa = PBXBuildFile; fileRef = CE879BC71F80C4C800EA5F2C /* Forecast.swift */; };
		CEAADC5D1F715D6100F947BD /* AppDelegate.swift in Sources */ = {isa = PBXBuildFile; fileRef = CEAADC5C1F715D6100F947BD /* AppDelegate.swift */; };
		CEAADC5F1F715D6100F947BD /* WeatherVC.swift in Sources */ = {isa = PBXBuildFile; fileRef = CEAADC5E1F715D6100F947BD /* WeatherVC.swift */; };
		CEAADC621F715D6100F947BD /* Main.storyboard in Resources */ = {isa = PBXBuildFile; fileRef = CEAADC601F715D6100F947BD /* Main.storyboard */; };
		CEAADC641F715D6100F947BD /* Assets.xcassets in Resources */ = {isa = PBXBuildFile; fileRef = CEAADC631F715D6100F947BD /* Assets.xcassets */; };
		CEAADC671F715D6100F947BD /* LaunchScreen.storyboard in Resources */ = {isa = PBXBuildFile; fileRef = CEAADC651F715D6100F947BD /* LaunchScreen.storyboard */; };
		F379407FA40CFB48A9712915 /* Pods_weatherForecast.framework in Frameworks */ = {isa = PBXBuildFile; fileRef = 5FC30B60E040A17A6D677244 /* Pods_weatherForecast.framework */; };
/* End PBXBuildFile section */

/* Begin PBXFileReference section */
		5FC30B60E040A17A6D677244 /* Pods_weatherForecast.framework */ = {isa = PBXFileReference; explicitFileType = wrapper.framework; includeInIndex = 0; path = Pods_weatherForecast.framework; sourceTree = BUILT_PRODUCTS_DIR; };
		79E66D96F3673D7FDA225E7A /* Pods-weatherForecast.release.xcconfig */ = {isa = PBXFileReference; includeInIndex = 1; lastKnownFileType = text.xcconfig; name = "Pods-weatherForecast.release.xcconfig"; path = "Pods/Target Support Files/Pods-weatherForecast/Pods-weatherForecast.release.xcconfig"; sourceTree = "<group>"; };
		8B79ECF969712D803D129375 /* Pods-weatherForecast.debug.xcconfig */ = {isa = PBXFileReference; includeInIndex = 1; lastKnownFileType = text.xcconfig; name = "Pods-weatherForecast.debug.xcconfig"; path = "Pods/Target Support Files/Pods-weatherForecast/Pods-weatherForecast.debug.xcconfig"; sourceTree = "<group>"; };
		CE1351271F7E9FBE0080A16E /* Constants.swift */ = {isa = PBXFileReference; fileEncoding = 4; lastKnownFileType = sourcecode.swift; path = Constants.swift; sourceTree = "<group>"; };
		CE1351291F7EA1D30080A16E /* CurrentWeather.swift */ = {isa = PBXFileReference; fileEncoding = 4; lastKnownFileType = sourcecode.swift; path = CurrentWeather.swift; sourceTree = "<group>"; };
		CE26BA771F81511A0091EF5E /* weatherCell.swift */ = {isa = PBXFileReference; fileEncoding = 4; lastKnownFileType = sourcecode.swift; path = weatherCell.swift; sourceTree = "<group>"; };
		CE879BC71F80C4C800EA5F2C /* Forecast.swift */ = {isa = PBXFileReference; fileEncoding = 4; lastKnownFileType = sourcecode.swift; path = Forecast.swift; sourceTree = "<group>"; };
		CEAADC591F715D6100F947BD /* weatherForecast.app */ = {isa = PBXFileReference; explicitFileType = wrapper.application; includeInIndex = 0; path = weatherForecast.app; sourceTree = BUILT_PRODUCTS_DIR; };
		CEAADC5C1F715D6100F947BD /* AppDelegate.swift */ = {isa = PBXFileReference; lastKnownFileType = sourcecode.swift; path = AppDelegate.swift; sourceTree = "<group>"; };
		CEAADC5E1F715D6100F947BD /* WeatherVC.swift */ = {isa = PBXFileReference; lastKnownFileType = sourcecode.swift; path = WeatherVC.swift; sourceTree = "<group>"; };
		CEAADC611F715D6100F947BD /* Base */ = {isa = PBXFileReference; lastKnownFileType = file.storyboard; name = Base; path = Base.lproj/Main.storyboard; sourceTree = "<group>"; };
		CEAADC631F715D6100F947BD /* Assets.xcassets */ = {isa = PBXFileReference; lastKnownFileType = folder.assetcatalog; path = Assets.xcassets; sourceTree = "<group>"; };
		CEAADC661F715D6100F947BD /* Base */ = {isa = PBXFileReference; lastKnownFileType = file.storyboard; name = Base; path = Base.lproj/LaunchScreen.storyboard; sourceTree = "<group>"; };
		CEAADC681F715D6100F947BD /* Info.plist */ = {isa = PBXFileReference; lastKnownFileType = text.plist.xml; path = Info.plist; sourceTree = "<group>"; };
/* End PBXFileReference section */

/* Begin PBXFrameworksBuildPhase section */
		CEAADC561F715D6100F947BD /* Frameworks */ = {
			isa = PBXFrameworksBuildPhase;
			buildActionMask = 2147483647;
			files = (
				F379407FA40CFB48A9712915 /* Pods_weatherForecast.framework in Frameworks */,
			);
			runOnlyForDeploymentPostprocessing = 0;
		};
/* End PBXFrameworksBuildPhase section */

/* Begin PBXGroup section */
		4A9F3D6B5E4935258D494529 /* Pods */ = {
			isa = PBXGroup;
			children = (
				8B79ECF969712D803D129375 /* Pods-weatherForecast.debug.xcconfig */,
				79E66D96F3673D7FDA225E7A /* Pods-weatherForecast.release.xcconfig */,
			);
			name = Pods;
			sourceTree = "<group>";
		};
		A25C15C08E8422CDDA46A7E0 /* Frameworks */ = {
			isa = PBXGroup;
			children = (
				5FC30B60E040A17A6D677244 /* Pods_weatherForecast.framework */,
			);
			name = Frameworks;
			sourceTree = "<group>";
		};
		CEAADC501F715D6100F947BD = {
			isa = PBXGroup;
			children = (
				CEAADC5B1F715D6100F947BD /* weatherForecast */,
				CEAADC5A1F715D6100F947BD /* Products */,
				4A9F3D6B5E4935258D494529 /* Pods */,
				A25C15C08E8422CDDA46A7E0 /* Frameworks */,
			);
			sourceTree = "<group>";
		};
		CEAADC5A1F715D6100F947BD /* Products */ = {
			isa = PBXGroup;
			children = (
				CEAADC591F715D6100F947BD /* weatherForecast.app */,
			);
			name = Products;
			sourceTree = "<group>";
		};
		CEAADC5B1F715D6100F947BD /* weatherForecast */ = {
			isa = PBXGroup;
			children = (
				CEAADC5C1F715D6100F947BD /* AppDelegate.swift */,
				CEAADC5E1F715D6100F947BD /* WeatherVC.swift */,
				CEAADC601F715D6100F947BD /* Main.storyboard */,
				CEAADC631F715D6100F947BD /* Assets.xcassets */,
				CEAADC651F715D6100F947BD /* LaunchScreen.storyboard */,
				CEAADC681F715D6100F947BD /* Info.plist */,
				CE1351271F7E9FBE0080A16E /* Constants.swift */,
				CE1351291F7EA1D30080A16E /* CurrentWeather.swift */,
				CE879BC71F80C4C800EA5F2C /* Forecast.swift */,
				CE26BA771F81511A0091EF5E /* weatherCell.swift */,
			);
			path = weatherForecast;
			sourceTree = "<group>";
		};
/* End PBXGroup section */

/* Begin PBXNativeTarget section */
		CEAADC581F715D6100F947BD /* weatherForecast */ = {
			isa = PBXNativeTarget;
			buildConfigurationList = CEAADC6B1F715D6100F947BD /* Build configuration list for PBXNativeTarget "weatherForecast" */;
			buildPhases = (
				43B49B5977B0C1F3DEF4530C /* [CP] Check Pods Manifest.lock */,
				CEAADC551F715D6100F947BD /* Sources */,
				CEAADC561F715D6100F947BD /* Frameworks */,
				CEAADC571F715D6100F947BD /* Resources */,
				260F2641FF9EA69CD28B25E9 /* [CP] Embed Pods Frameworks */,
				81789367CA4C55A13872C7FF /* [CP] Copy Pods Resources */,
			);
			buildRules = (
			);
			dependencies = (
			);
			name = weatherForecast;
			productName = weatherForecast;
			productReference = CEAADC591F715D6100F947BD /* weatherForecast.app */;
			productType = "com.apple.product-type.application";
		};
/* End PBXNativeTarget section */

/* Begin PBXProject section */
		CEAADC511F715D6100F947BD /* Project object */ = {
			isa = PBXProject;
			attributes = {
				LastSwiftUpdateCheck = 0830;
				LastUpgradeCheck = 0830;
				ORGANIZATIONNAME = RASHED;
				TargetAttributes = {
					CEAADC581F715D6100F947BD = {
						CreatedOnToolsVersion = 8.3.2;
						ProvisioningStyle = Automatic;
					};
				};
			};
			buildConfigurationList = CEAADC541F715D6100F947BD /* Build configuration list for PBXProject "weatherForecast" */;
			compatibilityVersion = "Xcode 3.2";
			developmentRegion = English;
			hasScannedForEncodings = 0;
			knownRegions = (
				en,
				Base,
			);
			mainGroup = CEAADC501F715D6100F947BD;
			productRefGroup = CEAADC5A1F715D6100F947BD /* Products */;
			projectDirPath = "";
			projectRoot = "";
			targets = (
				CEAADC581F715D6100F947BD /* weatherForecast */,
			);
		};
/* End PBXProject section */

/* Begin PBXResourcesBuildPhase section */
		CEAADC571F715D6100F947BD /* Resources */ = {
			isa = PBXResourcesBuildPhase;
			buildActionMask = 2147483647;
			files = (
				CEAADC671F715D6100F947BD /* LaunchScreen.storyboard in Resources */,
				CEAADC641F715D6100F947BD /* Assets.xcassets in Resources */,
				CEAADC621F715D6100F947BD /* Main.storyboard in Resources */,
			);
			runOnlyForDeploymentPostprocessing = 0;
		};
/* End PBXResourcesBuildPhase section */

/* Begin PBXShellScriptBuildPhase section */
		260F2641FF9EA69CD28B25E9 /* [CP] Embed Pods Frameworks */ = {
			isa = PBXShellScriptBuildPhase;
			buildActionMask = 2147483647;
			files = (
			);
			inputPaths = (
				"${SRCROOT}/Pods/Target Support Files/Pods-weatherForecast/Pods-weatherForecast-frameworks.sh",
				"${BUILT_PRODUCTS_DIR}/Alamofire/Alamofire.framework",
			);
			name = "[CP] Embed Pods Frameworks";
			outputPaths = (
				"${TARGET_BUILD_DIR}/${FRAMEWORKS_FOLDER_PATH}/Alamofire.framework",
			);
			runOnlyForDeploymentPostprocessing = 0;
			shellPath = /bin/sh;
			shellScript = "\"${SRCROOT}/Pods/Target Support Files/Pods-weatherForecast/Pods-weatherForecast-frameworks.sh\"\n";
			showEnvVarsInLog = 0;
		};
		43B49B5977B0C1F3DEF4530C /* [CP] Check Pods Manifest.lock */ = {
			isa = PBXShellScriptBuildPhase;
			buildActionMask = 2147483647;
			files = (
			);
			inputPaths = (
				"${PODS_PODFILE_DIR_PATH}/Podfile.lock",
				"${PODS_ROOT}/Manifest.lock",
			);
			name = "[CP] Check Pods Manifest.lock";
			outputPaths = (
				"$(DERIVED_FILE_DIR)/Pods-weatherForecast-checkManifestLockResult.txt",
			);
			runOnlyForDeploymentPostprocessing = 0;
			shellPath = /bin/sh;
			shellScript = "diff \"${PODS_PODFILE_DIR_PATH}/Podfile.lock\" \"${PODS_ROOT}/Manifest.lock\" > /dev/null\nif [ $? != 0 ] ; then\n    # print error to STDERR\n    echo \"error: The sandbox is not in sync with the Podfile.lock. Run 'pod install' or update your CocoaPods installation.\" >&2\n    exit 1\nfi\n# This output is used by Xcode 'outputs' to avoid re-running this script phase.\necho \"SUCCESS\" > \"${SCRIPT_OUTPUT_FILE_0}\"\n";
			showEnvVarsInLog = 0;
		};
		81789367CA4C55A13872C7FF /* [CP] Copy Pods Resources */ = {
			isa = PBXShellScriptBuildPhase;
			buildActionMask = 2147483647;
			files = (
			);
			inputPaths = (
			);
			name = "[CP] Copy Pods Resources";
			outputPaths = (
			);
			runOnlyForDeploymentPostprocessing = 0;
			shellPath = /bin/sh;
			shellScript = "\"${SRCROOT}/Pods/Target Support Files/Pods-weatherForecast/Pods-weatherForecast-resources.sh\"\n";
			showEnvVarsInLog = 0;
		};
/* End PBXShellScriptBuildPhase section */

/* Begin PBXSourcesBuildPhase section */
		CEAADC551F715D6100F947BD /* Sources */ = {
			isa = PBXSourcesBuildPhase;
			buildActionMask = 2147483647;
			files = (
				CE26BA781F81511A0091EF5E /* weatherCell.swift in Sources */,
				CEAADC5F1F715D6100F947BD /* WeatherVC.swift in Sources */,
				CEAADC5D1F715D6100F947BD /* AppDelegate.swift in Sources */,
				CE13512A1F7EA1D30080A16E /* CurrentWeather.swift in Sources */,
				CE1351281F7E9FBE0080A16E /* Constants.swift in Sources */,
				CE879BC81F80C4C800EA5F2C /* Forecast.swift in Sources */,
			);
			runOnlyForDeploymentPostprocessing = 0;
		};
/* End PBXSourcesBuildPhase section */

/* Begin PBXVariantGroup section */
		CEAADC601F715D6100F947BD /* Main.storyboard */ = {
			isa = PBXVariantGroup;
			children = (
				CEAADC611F715D6100F947BD /* Base */,
			);
			name = Main.storyboard;
			sourceTree = "<group>";
		};
		CEAADC651F715D6100F947BD /* LaunchScreen.storyboard */ = {
			isa = PBXVariantGroup;
			children = (
				CEAADC661F715D6100F947BD /* Base */,
			);
			name = LaunchScreen.storyboard;
			sourceTree = "<group>";
		};
/* End PBXVariantGroup section */

/* Begin XCBuildConfiguration section */
		CEAADC691F715D6100F947BD /* Debug */ = {
			isa = XCBuildConfiguration;
			buildSettings = {
				ALWAYS_SEARCH_USER_PATHS = NO;
				CLANG_ANALYZER_NONNULL = YES;
				CLANG_ANALYZER_NUMBER_OBJECT_CONVERSION = YES_AGGRESSIVE;
				CLANG_CXX_LANGUAGE_STANDARD = "gnu++0x";
				CLANG_CXX_LIBRARY = "libc++";
				CLANG_ENABLE_MODULES = YES;
				CLANG_ENABLE_OBJC_ARC = YES;
				CLANG_WARN_BOOL_CONVERSION = YES;
				CLANG_WARN_CONSTANT_CONVERSION = YES;
				CLANG_WARN_DIRECT_OBJC_ISA_USAGE = YES_ERROR;
				CLANG_WARN_DOCUMENTATION_COMMENTS = YES;
				CLANG_WARN_EMPTY_BODY = YES;
				CLANG_WARN_ENUM_CONVERSION = YES;
				CLANG_WARN_INFINITE_RECURSION = YES;
				CLANG_WARN_INT_CONVERSION = YES;
				CLANG_WARN_OBJC_ROOT_CLASS = YES_ERROR;
				CLANG_WARN_SUSPICIOUS_MOVE = YES;
				CLANG_WARN_UNREACHABLE_CODE = YES;
				CLANG_WARN__DUPLICATE_METHOD_MATCH = YES;
				"CODE_SIGN_IDENTITY[sdk=iphoneos*]" = "iPhone Developer";
				COPY_PHASE_STRIP = NO;
				DEBUG_INFORMATION_FORMAT = dwarf;
				ENABLE_STRICT_OBJC_MSGSEND = YES;
				ENABLE_TESTABILITY = YES;
				GCC_C_LANGUAGE_STANDARD = gnu99;
				GCC_DYNAMIC_NO_PIC = NO;
				GCC_NO_COMMON_BLOCKS = YES;
				GCC_OPTIMIZATION_LEVEL = 0;
				GCC_PREPROCESSOR_DEFINITIONS = (
					"DEBUG=1",
					"$(inherited)",
				);
				GCC_WARN_64_TO_32_BIT_CONVERSION = YES;
				GCC_WARN_ABOUT_RETURN_TYPE = YES_ERROR;
				GCC_WARN_UNDECLARED_SELECTOR = YES;
				GCC_WARN_UNINITIALIZED_AUTOS = YES_AGGRESSIVE;
				GCC_WARN_UNUSED_FUNCTION = YES;
				GCC_WARN_UNUSED_VARIABLE = YES;
				IPHONEOS_DEPLOYMENT_TARGET = 10.3;
				MTL_ENABLE_DEBUG_INFO = YES;
				ONLY_ACTIVE_ARCH = YES;
				SDKROOT = iphoneos;
				SWIFT_ACTIVE_COMPILATION_CONDITIONS = DEBUG;
				SWIFT_OPTIMIZATION_LEVEL = "-Onone";
			};
			name = Debug;
		};
		CEAADC6A1F715D6100F947BD /* Release */ = {
			isa = XCBuildConfiguration;
			buildSettings = {
				ALWAYS_SEARCH_USER_PATHS = NO;
				CLANG_ANALYZER_NONNULL = YES;
				CLANG_ANALYZER_NUMBER_OBJECT_CONVERSION = YES_AGGRESSIVE;
				CLANG_CXX_LANGUAGE_STANDARD = "gnu++0x";
				CLANG_CXX_LIBRARY = "libc++";
				CLANG_ENABLE_MODULES = YES;
				CLANG_ENABLE_OBJC_ARC = YES;
				CLANG_WARN_BOOL_CONVERSION = YES;
				CLANG_WARN_CONSTANT_CONVERSION = YES;
				CLANG_WARN_DIRECT_OBJC_ISA_USAGE = YES_ERROR;
				CLANG_WARN_DOCUMENTATION_COMMENTS = YES;
				CLANG_WARN_EMPTY_BODY = YES;
				CLANG_WARN_ENUM_CONVERSION = YES;
				CLANG_WARN_INFINITE_RECURSION = YES;
				CLANG_WARN_INT_CONVERSION = YES;
				CLANG_WARN_OBJC_ROOT_CLASS = YES_ERROR;
				CLANG_WARN_SUSPICIOUS_MOVE = YES;
				CLANG_WARN_UNREACHABLE_CODE = YES;
				CLANG_WARN__DUPLICATE_METHOD_MATCH = YES;
				"CODE_SIGN_IDENTITY[sdk=iphoneos*]" = "iPhone Developer";
				COPY_PHASE_STRIP = NO;
				DEBUG_INFORMATION_FORMAT = "dwarf-with-dsym";
				ENABLE_NS_ASSERTIONS = NO;
				ENABLE_STRICT_OBJC_MSGSEND = YES;
				GCC_C_LANGUAGE_STANDARD = gnu99;
				GCC_NO_COMMON_BLOCKS = YES;
				GCC_WARN_64_TO_32_BIT_CONVERSION = YES;
				GCC_WARN_ABOUT_RETURN_TYPE = YES_ERROR;
				GCC_WARN_UNDECLARED_SELECTOR = YES;
				GCC_WARN_UNINITIALIZED_AUTOS = YES_AGGRESSIVE;
				GCC_WARN_UNUSED_FUNCTION = YES;
				GCC_WARN_UNUSED_VARIABLE = YES;
				IPHONEOS_DEPLOYMENT_TARGET = 10.3;
				MTL_ENABLE_DEBUG_INFO = NO;
				SDKROOT = iphoneos;
				SWIFT_OPTIMIZATION_LEVEL = "-Owholemodule";
				VALIDATE_PRODUCT = YES;
			};
			name = Release;
		};
		CEAADC6C1F715D6100F947BD /* Debug */ = {
			isa = XCBuildConfiguration;
			baseConfigurationReference = 8B79ECF969712D803D129375 /* Pods-weatherForecast.debug.xcconfig */;
			buildSettings = {
				ASSETCATALOG_COMPILER_APPICON_NAME = AppIcon;
				INFOPLIST_FILE = weatherForecast/Info.plist;
				LD_RUNPATH_SEARCH_PATHS = "$(inherited) @executable_path/Frameworks";
				PRODUCT_BUNDLE_IDENTIFIER = com.rashed.weatherForecast;
				PRODUCT_NAME = "$(TARGET_NAME)";
				SWIFT_VERSION = 3.0;
			};
			name = Debug;
		};
		CEAADC6D1F715D6100F947BD /* Release */ = {
			isa = XCBuildConfiguration;
			baseConfigurationReference = 79E66D96F3673D7FDA225E7A /* Pods-weatherForecast.release.xcconfig */;
			buildSettings = {
				ASSETCATALOG_COMPILER_APPICON_NAME = AppIcon;
				INFOPLIST_FILE = weatherForecast/Info.plist;
				LD_RUNPATH_SEARCH_PATHS = "$(inherited) @executable_path/Frameworks";
				PRODUCT_BUNDLE_IDENTIFIER = com.rashed.weatherForecast;
				PRODUCT_NAME = "$(TARGET_NAME)";
				SWIFT_VERSION = 3.0;
			};
			name = Release;
		};
/* End XCBuildConfiguration section */

/* Begin XCConfigurationList section */
		CEAADC541F715D6100F947BD /* Build configuration list for PBXProject "weatherForecast" */ = {
			isa = XCConfigurationList;
			buildConfigurations = (
				CEAADC691F715D6100F947BD /* Debug */,
				CEAADC6A1F715D6100F947BD /* Release */,
			);
			defaultConfigurationIsVisible = 0;
			defaultConfigurationName = Release;
		};
		CEAADC6B1F715D6100F947BD /* Build configuration list for PBXNativeTarget "weatherForecast" */ = {
			isa = XCConfigurationList;
			buildConfigurations = (
				CEAADC6C1F715D6100F947BD /* Debug */,
				CEAADC6D1F715D6100F947BD /* Release */,
			);
			defaultConfigurationIsVisible = 0;
			defaultConfigurationName = Release;
		};
/* End XCConfigurationList section */
	};
	rootObject = CEAADC511F715D6100F947BD /* Project object */;
}
